
Microsoft Visual Studio Solution File, Format Version 12.00
# Visual Studio 2013
VisualStudioVersion = 12.0.31101.0
MinimumVisualStudioVersion = 10.0.40219.1
Project("{FAE04EC0-301F-11D3-BF4B-00C04F79EFBC}") = "HttpExchangeLibrary", "HttpExchangeLibrary\HttpExchangeLibrary.csproj", "{76893137-7876-4F4F-876C-913E42FC014A}"
EndProject
Project("{FAE04EC0-301F-11D3-BF4B-00C04F79EFBC}") = "Tests", "Tests\Tests.csproj", "{3879C22A-06C5-4CFC-A8D7-92430EE4D500}"
EndProject
Global
	GlobalSection(SolutionConfigurationPlatforms) = preSolution
		Debug|Any CPU = Debug|Any CPU
		Release|Any CPU = Release|Any CPU
	EndGlobalSection
	GlobalSection(ProjectConfigurationPlatforms) = postSolution
		{76893137-7876-4F4F-876C-913E42FC014A}.Debug|Any CPU.ActiveCfg = Debug|Any CPU
		{76893137-7876-4F4F-876C-913E42FC014A}.Debug|Any CPU.Build.0 = Debug|Any CPU
		{76893137-7876-4F4F-876C-913E42FC014A}.Release|Any CPU.ActiveCfg = Release|Any CPU
		{76893137-7876-4F4F-876C-913E42FC014A}.Release|Any CPU.Build.0 = Release|Any CPU
		{3879C22A-06C5-4CFC-A8D7-92430EE4D500}.Debug|Any CPU.ActiveCfg = Debug|Any CPU
		{3879C22A-06C5-4CFC-A8D7-92430EE4D500}.Debug|Any CPU.Build.0 = Debug|Any CPU
		{3879C22A-06C5-4CFC-A8D7-92430EE4D500}.Release|Any CPU.ActiveCfg = Release|Any CPU
		{3879C22A-06C5-4CFC-A8D7-92430EE4D500}.Release|Any CPU.Build.0 = Release|Any CPU
	EndGlobalSection
	GlobalSection(SolutionProperties) = preSolution
		HideSolutionNode = FALSE
	EndGlobalSection
EndGlobal
